
Microsoft Visual Studio Solution File, Format Version 12.00
# Visual Studio Version 17
VisualStudioVersion = 17.7.34221.43
MinimumVisualStudioVersion = 10.0.40219.1
Project("{9A19103F-16F7-4668-BE54-9A1E7A4F7556}") = "WebApi", "WebApi.csproj", "{C0468B8C-1CA9-40B0-89F6-29EDE2FD6054}"
EndProject
Project("{FAE04EC0-301F-11D3-BF4B-00C04F79EFBC}") = "Infrastructure", "..\Infrastructure\Infrastructure.csproj", "{61E8E620-7F3A-404A-B947-C72A6C830BE8}"
EndProject
Global
	GlobalSection(SolutionConfigurationPlatforms) = preSolution
		Debug|Any CPU = Debug|Any CPU
		Release|Any CPU = Release|Any CPU
	EndGlobalSection
	GlobalSection(ProjectConfigurationPlatforms) = postSolution
		{C0468B8C-1CA9-40B0-89F6-29EDE2FD6054}.Debug|Any CPU.ActiveCfg = Debug|Any CPU
		{C0468B8C-1CA9-40B0-89F6-29EDE2FD6054}.Debug|Any CPU.Build.0 = Debug|Any CPU
		{C0468B8C-1CA9-40B0-89F6-29EDE2FD6054}.Release|Any CPU.ActiveCfg = Release|Any CPU
		{C0468B8C-1CA9-40B0-89F6-29EDE2FD6054}.Release|Any CPU.Build.0 = Release|Any CPU
		{61E8E620-7F3A-404A-B947-C72A6C830BE8}.Debug|Any CPU.ActiveCfg = Debug|Any CPU
		{61E8E620-7F3A-404A-B947-C72A6C830BE8}.Debug|Any CPU.Build.0 = Debug|Any CPU
		{61E8E620-7F3A-404A-B947-C72A6C830BE8}.Release|Any CPU.ActiveCfg = Release|Any CPU
		{61E8E620-7F3A-404A-B947-C72A6C830BE8}.Release|Any CPU.Build.0 = Release|Any CPU
	EndGlobalSection
	GlobalSection(SolutionProperties) = preSolution
		HideSolutionNode = FALSE
	EndGlobalSection
	GlobalSection(ExtensibilityGlobals) = postSolution
		SolutionGuid = {2AFAA1CB-7D1D-411F-B036-03B8B5E06C2E}
	EndGlobalSection
EndGlobal
